
Microsoft Visual Studio Solution File, Format Version 12.00
# Visual Studio 15
VisualStudioVersion = 15.0.26730.16
MinimumVisualStudioVersion = 10.0.40219.1
Project("{FAE04EC0-301F-11D3-BF4B-00C04F79EFBC}") = "TextTranslatorConsoleApp", "TextTranslatorConsoleApp\TextTranslatorConsoleApp.csproj", "{109D24C6-10FE-4BA0-BC57-EB0D11E6C7BF}"
EndProject
Global
	GlobalSection(SolutionConfigurationPlatforms) = preSolution
		Debug|Any CPU = Debug|Any CPU
		Release|Any CPU = Release|Any CPU
	EndGlobalSection
	GlobalSection(ProjectConfigurationPlatforms) = postSolution
		{109D24C6-10FE-4BA0-BC57-EB0D11E6C7BF}.Debug|Any CPU.ActiveCfg = Debug|Any CPU
		{109D24C6-10FE-4BA0-BC57-EB0D11E6C7BF}.Debug|Any CPU.Build.0 = Debug|Any CPU
		{109D24C6-10FE-4BA0-BC57-EB0D11E6C7BF}.Release|Any CPU.ActiveCfg = Release|Any CPU
		{109D24C6-10FE-4BA0-BC57-EB0D11E6C7BF}.Release|Any CPU.Build.0 = Release|Any CPU
	EndGlobalSection
	GlobalSection(SolutionProperties) = preSolution
		HideSolutionNode = FALSE
	EndGlobalSection
	GlobalSection(ExtensibilityGlobals) = postSolution
		SolutionGuid = {5F67EF93-49DF-4B5F-A929-26A63CDA0074}
	EndGlobalSection
EndGlobal
